
Microsoft Visual Studio Solution File, Format Version 12.00
# Visual Studio Version 17
VisualStudioVersion = 17.4.33110.190
MinimumVisualStudioVersion = 10.0.40219.1
Project("{FAE04EC0-301F-11D3-BF4B-00C04F79EFBC}") = "LEDMatrix.Server", "LEDMatrix\LEDMatrix.Server.csproj", "{2709112C-EE6D-4470-AF9A-B99EC4F0BA69}"
EndProject
Project("{FAE04EC0-301F-11D3-BF4B-00C04F79EFBC}") = "LEDMatrix.Core", "LEDMatrix.Core\LEDMatrix.Core.csproj", "{04DFD1A5-5EB7-4D56-86C6-09E106F1E09F}"
EndProject
Project("{FAE04EC0-301F-11D3-BF4B-00C04F79EFBC}") = "LEDMatrix.Runner", "LEDMatrix.Runner\LEDMatrix.Runner.csproj", "{4553FDCE-C054-4511-88BB-E68BD5DB3C22}"
EndProject
Global
	GlobalSection(SolutionConfigurationPlatforms) = preSolution
		Debug|Any CPU = Debug|Any CPU
		Release|Any CPU = Release|Any CPU
	EndGlobalSection
	GlobalSection(ProjectConfigurationPlatforms) = postSolution
		{2709112C-EE6D-4470-AF9A-B99EC4F0BA69}.Debug|Any CPU.ActiveCfg = Debug|Any CPU
		{2709112C-EE6D-4470-AF9A-B99EC4F0BA69}.Debug|Any CPU.Build.0 = Debug|Any CPU
		{2709112C-EE6D-4470-AF9A-B99EC4F0BA69}.Release|Any CPU.ActiveCfg = Release|Any CPU
		{2709112C-EE6D-4470-AF9A-B99EC4F0BA69}.Release|Any CPU.Build.0 = Release|Any CPU
		{04DFD1A5-5EB7-4D56-86C6-09E106F1E09F}.Debug|Any CPU.ActiveCfg = Debug|Any CPU
		{04DFD1A5-5EB7-4D56-86C6-09E106F1E09F}.Debug|Any CPU.Build.0 = Debug|Any CPU
		{04DFD1A5-5EB7-4D56-86C6-09E106F1E09F}.Release|Any CPU.ActiveCfg = Release|Any CPU
		{04DFD1A5-5EB7-4D56-86C6-09E106F1E09F}.Release|Any CPU.Build.0 = Release|Any CPU
		{4553FDCE-C054-4511-88BB-E68BD5DB3C22}.Debug|Any CPU.ActiveCfg = Debug|Any CPU
		{4553FDCE-C054-4511-88BB-E68BD5DB3C22}.Debug|Any CPU.Build.0 = Debug|Any CPU
		{4553FDCE-C054-4511-88BB-E68BD5DB3C22}.Release|Any CPU.ActiveCfg = Release|Any CPU
		{4553FDCE-C054-4511-88BB-E68BD5DB3C22}.Release|Any CPU.Build.0 = Release|Any CPU
	EndGlobalSection
	GlobalSection(SolutionProperties) = preSolution
		HideSolutionNode = FALSE
	EndGlobalSection
	GlobalSection(ExtensibilityGlobals) = postSolution
		SolutionGuid = {3595AC22-2408-4F29-8065-AA4B21E6334E}
	EndGlobalSection
EndGlobal
